
Microsoft Visual Studio Solution File, Format Version 12.00
# Visual Studio Version 16
VisualStudioVersion = 16.0.30128.74
MinimumVisualStudioVersion = 10.0.40219.1
Project("{8BC9CEB8-8B4A-11D0-8D11-00A0C91BC942}") = "X", "X\X.vcxproj", "{6682BFD4-C79F-49BD-A114-6EE8FB79E8C3}"
EndProject
Project("{2150E333-8FDC-42A3-9474-1A3956D46DE8}") = "Externals", "Externals", "{856ED680-E9A4-400F-ADFF-D3C492DCA608}"
EndProject
Project("{8BC9CEB8-8B4A-11D0-8D11-00A0C91BC942}") = "DirectXTK_Desktop_2017", "X\External\DirectXTK\DirectXTK_Desktop_2017.vcxproj", "{CDE5A2F9-D904-4B88-B6CA-2964E9B5DBC4}"
EndProject
Project("{8BC9CEB8-8B4A-11D0-8D11-00A0C91BC942}") = "FW1FontWrapper", "X\External\FW1FontWrapper\FW1FontWrapper.vcxproj", "{0D034612-14E2-44E7-993A-72344A2CA7BD}"
EndProject
Project("{8BC9CEB8-8B4A-11D0-8D11-00A0C91BC942}") = "ImGui", "X\External\ImGui\ImGui.vcxproj", "{BFF9C813-01AF-43B3-A23E-2C62F332B994}"
EndProject
Project("{2150E333-8FDC-42A3-9474-1A3956D46DE8}") = "Engine", "Engine", "{06FFC3E3-18A4-40A6-9BB7-DB38F117119F}"
EndProject
Project("{8BC9CEB8-8B4A-11D0-8D11-00A0C91BC942}") = "DirectXTKAudio_Desktop_2017_Win8", "X\External\DirectXTK\Audio\DirectXTKAudio_Desktop_2017_Win8.vcxproj", "{C6B942ED-EEEC-4867-AB0E-4CEACAEEBDEF}"
EndProject
Project("{8BC9CEB8-8B4A-11D0-8D11-00A0C91BC942}") = "AI", "AI\AI.vcxproj", "{05A0D119-F3BD-4F6E-87E8-8B9EDF1620BD}"
EndProject
Project("{2150E333-8FDC-42A3-9474-1A3956D46DE8}") = "VGP331", "VGP331", "{0380D7B2-B718-4A47-AAD1-E633F58C398F}"
EndProject
Project("{8BC9CEB8-8B4A-11D0-8D11-00A0C91BC942}") = "HalloweenWars", "HalloweenWars\HalloweenWars.vcxproj", "{5330FA53-12E2-41B7-90B8-D0EEA1898742}"
EndProject
Global
	GlobalSection(SolutionConfigurationPlatforms) = preSolution
		Debug|x64 = Debug|x64
		Debug|x86 = Debug|x86
		Release|x64 = Release|x64
		Release|x86 = Release|x86
	EndGlobalSection
	GlobalSection(ProjectConfigurationPlatforms) = postSolution
		{6682BFD4-C79F-49BD-A114-6EE8FB79E8C3}.Debug|x64.ActiveCfg = Debug|x64
		{6682BFD4-C79F-49BD-A114-6EE8FB79E8C3}.Debug|x64.Build.0 = Debug|x64
		{6682BFD4-C79F-49BD-A114-6EE8FB79E8C3}.Debug|x86.ActiveCfg = Debug|Win32
		{6682BFD4-C79F-49BD-A114-6EE8FB79E8C3}.Debug|x86.Build.0 = Debug|Win32
		{6682BFD4-C79F-49BD-A114-6EE8FB79E8C3}.Release|x64.ActiveCfg = Release|x64
		{6682BFD4-C79F-49BD-A114-6EE8FB79E8C3}.Release|x64.Build.0 = Release|x64
		{6682BFD4-C79F-49BD-A114-6EE8FB79E8C3}.Release|x86.ActiveCfg = Release|Win32
		{6682BFD4-C79F-49BD-A114-6EE8FB79E8C3}.Release|x86.Build.0 = Release|Win32
		{CDE5A2F9-D904-4B88-B6CA-2964E9B5DBC4}.Debug|x64.ActiveCfg = Debug|x64
		{CDE5A2F9-D904-4B88-B6CA-2964E9B5DBC4}.Debug|x64.Build.0 = Debug|x64
		{CDE5A2F9-D904-4B88-B6CA-2964E9B5DBC4}.Debug|x86.ActiveCfg = Debug|Win32
		{CDE5A2F9-D904-4B88-B6CA-2964E9B5DBC4}.Debug|x86.Build.0 = Debug|Win32
		{CDE5A2F9-D904-4B88-B6CA-2964E9B5DBC4}.Release|x64.ActiveCfg = Release|x64
		{CDE5A2F9-D904-4B88-B6CA-2964E9B5DBC4}.Release|x64.Build.0 = Release|x64
		{CDE5A2F9-D904-4B88-B6CA-2964E9B5DBC4}.Release|x86.ActiveCfg = Release|Win32
		{CDE5A2F9-D904-4B88-B6CA-2964E9B5DBC4}.Release|x86.Build.0 = Release|Win32
		{0D034612-14E2-44E7-993A-72344A2CA7BD}.Debug|x64.ActiveCfg = Debug|x64
		{0D034612-14E2-44E7-993A-72344A2CA7BD}.Debug|x64.Build.0 = Debug|x64
		{0D034612-14E2-44E7-993A-72344A2CA7BD}.Debug|x86.ActiveCfg = Debug|Win32
		{0D034612-14E2-44E7-993A-72344A2CA7BD}.Debug|x86.Build.0 = Debug|Win32
		{0D034612-14E2-44E7-993A-72344A2CA7BD}.Release|x64.ActiveCfg = Release|x64
		{0D034612-14E2-44E7-993A-72344A2CA7BD}.Release|x64.Build.0 = Release|x64
		{0D034612-14E2-44E7-993A-72344A2CA7BD}.Release|x86.ActiveCfg = Release|Win32
		{0D034612-14E2-44E7-993A-72344A2CA7BD}.Release|x86.Build.0 = Release|Win32
		{BFF9C813-01AF-43B3-A23E-2C62F332B994}.Debug|x64.ActiveCfg = Debug|x64
		{BFF9C813-01AF-43B3-A23E-2C62F332B994}.Debug|x64.Build.0 = Debug|x64
		{BFF9C813-01AF-43B3-A23E-2C62F332B994}.Debug|x86.ActiveCfg = Debug|Win32
		{BFF9C813-01AF-43B3-A23E-2C62F332B994}.Debug|x86.Build.0 = Debug|Win32
		{BFF9C813-01AF-43B3-A23E-2C62F332B994}.Release|x64.ActiveCfg = Release|x64
		{BFF9C813-01AF-43B3-A23E-2C62F332B994}.Release|x64.Build.0 = Release|x64
		{BFF9C813-01AF-43B3-A23E-2C62F332B994}.Release|x86.ActiveCfg = Release|Win32
		{BFF9C813-01AF-43B3-A23E-2C62F332B994}.Release|x86.Build.0 = Release|Win32
		{C6B942ED-EEEC-4867-AB0E-4CEACAEEBDEF}.Debug|x64.ActiveCfg = Debug|x64
		{C6B942ED-EEEC-4867-AB0E-4CEACAEEBDEF}.Debug|x64.Build.0 = Debug|x64
		{C6B942ED-EEEC-4867-AB0E-4CEACAEEBDEF}.Debug|x86.ActiveCfg = Debug|Win32
		{C6B942ED-EEEC-4867-AB0E-4CEACAEEBDEF}.Debug|x86.Build.0 = Debug|Win32
		{C6B942ED-EEEC-4867-AB0E-4CEACAEEBDEF}.Release|x64.ActiveCfg = Release|x64
		{C6B942ED-EEEC-4867-AB0E-4CEACAEEBDEF}.Release|x64.Build.0 = Release|x64
		{C6B942ED-EEEC-4867-AB0E-4CEACAEEBDEF}.Release|x86.ActiveCfg = Release|Win32
		{C6B942ED-EEEC-4867-AB0E-4CEACAEEBDEF}.Release|x86.Build.0 = Release|Win32
		{05A0D119-F3BD-4F6E-87E8-8B9EDF1620BD}.Debug|x64.ActiveCfg = Debug|x64
		{05A0D119-F3BD-4F6E-87E8-8B9EDF1620BD}.Debug|x64.Build.0 = Debug|x64
		{05A0D119-F3BD-4F6E-87E8-8B9EDF1620BD}.Debug|x86.ActiveCfg = Debug|Win32
		{05A0D119-F3BD-4F6E-87E8-8B9EDF1620BD}.Debug|x86.Build.0 = Debug|Win32
		{05A0D119-F3BD-4F6E-87E8-8B9EDF1620BD}.Release|x64.ActiveCfg = Release|x64
		{05A0D119-F3BD-4F6E-87E8-8B9EDF1620BD}.Release|x64.Build.0 = Release|x64
		{05A0D119-F3BD-4F6E-87E8-8B9EDF1620BD}.Release|x86.ActiveCfg = Release|Win32
		{05A0D119-F3BD-4F6E-87E8-8B9EDF1620BD}.Release|x86.Build.0 = Release|Win32
		{5330FA53-12E2-41B7-90B8-D0EEA1898742}.Debug|x64.ActiveCfg = Debug|x64
		{5330FA53-12E2-41B7-90B8-D0EEA1898742}.Debug|x64.Build.0 = Debug|x64
		{5330FA53-12E2-41B7-90B8-D0EEA1898742}.Debug|x86.ActiveCfg = Debug|Win32
		{5330FA53-12E2-41B7-90B8-D0EEA1898742}.Debug|x86.Build.0 = Debug|Win32
		{5330FA53-12E2-41B7-90B8-D0EEA1898742}.Release|x64.ActiveCfg = Release|x64
		{5330FA53-12E2-41B7-90B8-D0EEA1898742}.Release|x64.Build.0 = Release|x64
		{5330FA53-12E2-41B7-90B8-D0EEA1898742}.Release|x86.ActiveCfg = Release|Win32
		{5330FA53-12E2-41B7-90B8-D0EEA1898742}.Release|x86.Build.0 = Release|Win32
	EndGlobalSection
	GlobalSection(SolutionProperties) = preSolution
		HideSolutionNode = FALSE
	EndGlobalSection
	GlobalSection(NestedProjects) = preSolution
		{6682BFD4-C79F-49BD-A114-6EE8FB79E8C3} = {06FFC3E3-18A4-40A6-9BB7-DB38F117119F}
		{CDE5A2F9-D904-4B88-B6CA-2964E9B5DBC4} = {856ED680-E9A4-400F-ADFF-D3C492DCA608}
		{0D034612-14E2-44E7-993A-72344A2CA7BD} = {856ED680-E9A4-400F-ADFF-D3C492DCA608}
		{BFF9C813-01AF-43B3-A23E-2C62F332B994} = {856ED680-E9A4-400F-ADFF-D3C492DCA608}
		{C6B942ED-EEEC-4867-AB0E-4CEACAEEBDEF} = {856ED680-E9A4-400F-ADFF-D3C492DCA608}
		{05A0D119-F3BD-4F6E-87E8-8B9EDF1620BD} = {06FFC3E3-18A4-40A6-9BB7-DB38F117119F}
		{5330FA53-12E2-41B7-90B8-D0EEA1898742} = {0380D7B2-B718-4A47-AAD1-E633F58C398F}
	EndGlobalSection
	GlobalSection(ExtensibilityGlobals) = postSolution
		SolutionGuid = {2D84BED7-7031-4090-B4D3-57A9E4C0998B}
	EndGlobalSection
EndGlobal
